
Microsoft Visual Studio Solution File, Format Version 12.00
# Visual Studio Version 16
VisualStudioVersion = 16.0.31005.135
MinimumVisualStudioVersion = 10.0.40219.1
Project("{2150E333-8FDC-42A3-9474-1A3956D46DE8}") = "Services", "Services", "{7B584A58-86E0-40C5-89BA-20CC820E1850}"
EndProject
Project("{2150E333-8FDC-42A3-9474-1A3956D46DE8}") = "PersonService", "PersonService", "{AA339887-DD57-4353-A036-802F8001740B}"
EndProject
Project("{FAE04EC0-301F-11D3-BF4B-00C04F79EFBC}") = "PhoneBookApp.PersonService.DataAccess", "PhoneBookApp.PersonService.DataAccess\PhoneBookApp.PersonService.DataAccess.csproj", "{913C8A8A-652E-4E36-A6A1-5A495BAD0589}"
EndProject
Global
	GlobalSection(SolutionConfigurationPlatforms) = preSolution
		Debug|Any CPU = Debug|Any CPU
		Release|Any CPU = Release|Any CPU
	EndGlobalSection
	GlobalSection(ProjectConfigurationPlatforms) = postSolution
		{913C8A8A-652E-4E36-A6A1-5A495BAD0589}.Debug|Any CPU.ActiveCfg = Debug|Any CPU
		{913C8A8A-652E-4E36-A6A1-5A495BAD0589}.Debug|Any CPU.Build.0 = Debug|Any CPU
		{913C8A8A-652E-4E36-A6A1-5A495BAD0589}.Release|Any CPU.ActiveCfg = Release|Any CPU
		{913C8A8A-652E-4E36-A6A1-5A495BAD0589}.Release|Any CPU.Build.0 = Release|Any CPU
	EndGlobalSection
	GlobalSection(SolutionProperties) = preSolution
		HideSolutionNode = FALSE
	EndGlobalSection
	GlobalSection(NestedProjects) = preSolution
		{AA339887-DD57-4353-A036-802F8001740B} = {7B584A58-86E0-40C5-89BA-20CC820E1850}
		{913C8A8A-652E-4E36-A6A1-5A495BAD0589} = {AA339887-DD57-4353-A036-802F8001740B}
	EndGlobalSection
	GlobalSection(ExtensibilityGlobals) = postSolution
		SolutionGuid = {A470BB83-AD26-45DD-9C1F-50F90F6A9145}
	EndGlobalSection
EndGlobal
